
Microsoft Visual Studio Solution File, Format Version 12.00
# Visual Studio Version 17
VisualStudioVersion = 17.0.32126.317
MinimumVisualStudioVersion = 10.0.40219.1
Project("{FAE04EC0-301F-11D3-BF4B-00C04F79EFBC}") = "EmployeeWage", "EmployeeWage\EmployeeWage.csproj", "{FA60641C-8789-48B0-A7AA-732AB0A9BF03}"
EndProject
Global
	GlobalSection(SolutionConfigurationPlatforms) = preSolution
		Debug|Any CPU = Debug|Any CPU
		Release|Any CPU = Release|Any CPU
	EndGlobalSection
	GlobalSection(ProjectConfigurationPlatforms) = postSolution
		{FA60641C-8789-48B0-A7AA-732AB0A9BF03}.Debug|Any CPU.ActiveCfg = Debug|Any CPU
		{FA60641C-8789-48B0-A7AA-732AB0A9BF03}.Debug|Any CPU.Build.0 = Debug|Any CPU
		{FA60641C-8789-48B0-A7AA-732AB0A9BF03}.Release|Any CPU.ActiveCfg = Release|Any CPU
		{FA60641C-8789-48B0-A7AA-732AB0A9BF03}.Release|Any CPU.Build.0 = Release|Any CPU
	EndGlobalSection
	GlobalSection(SolutionProperties) = preSolution
		HideSolutionNode = FALSE
	EndGlobalSection
	GlobalSection(ExtensibilityGlobals) = postSolution
		SolutionGuid = {BCE28FB5-9078-4435-A5C7-26DEC0758B7F}
	EndGlobalSection
EndGlobal
